
Microsoft Visual Studio Solution File, Format Version 12.00
# Visual Studio Version 17
VisualStudioVersion = 17.9.34607.119
MinimumVisualStudioVersion = 10.0.40219.1
Project("{8BC9CEB8-8B4A-11D0-8D11-00A0C91BC942}") = "Project1", "Project1\Project1.vcxproj", "{BEC5A22B-90F7-47B2-8B2A-E006AEFD9DAF}"
EndProject
Global
	GlobalSection(SolutionConfigurationPlatforms) = preSolution
		Debug|x64 = Debug|x64
		Debug|x86 = Debug|x86
		Release|x64 = Release|x64
		Release|x86 = Release|x86
	EndGlobalSection
	GlobalSection(ProjectConfigurationPlatforms) = postSolution
		{BEC5A22B-90F7-47B2-8B2A-E006AEFD9DAF}.Debug|x64.ActiveCfg = Debug|x64
		{BEC5A22B-90F7-47B2-8B2A-E006AEFD9DAF}.Debug|x64.Build.0 = Debug|x64
		{BEC5A22B-90F7-47B2-8B2A-E006AEFD9DAF}.Debug|x86.ActiveCfg = Debug|Win32
		{BEC5A22B-90F7-47B2-8B2A-E006AEFD9DAF}.Debug|x86.Build.0 = Debug|Win32
		{BEC5A22B-90F7-47B2-8B2A-E006AEFD9DAF}.Release|x64.ActiveCfg = Release|x64
		{BEC5A22B-90F7-47B2-8B2A-E006AEFD9DAF}.Release|x64.Build.0 = Release|x64
		{BEC5A22B-90F7-47B2-8B2A-E006AEFD9DAF}.Release|x86.ActiveCfg = Release|Win32
		{BEC5A22B-90F7-47B2-8B2A-E006AEFD9DAF}.Release|x86.Build.0 = Release|Win32
	EndGlobalSection
	GlobalSection(SolutionProperties) = preSolution
		HideSolutionNode = FALSE
	EndGlobalSection
	GlobalSection(ExtensibilityGlobals) = postSolution
		SolutionGuid = {4906D6DC-5336-4202-A1F5-B75C16646D72}
	EndGlobalSection
EndGlobal
